
Microsoft Visual Studio Solution File, Format Version 12.00
# Visual Studio Version 17
VisualStudioVersion = 17.14.36127.28 d17.14
MinimumVisualStudioVersion = 10.0.40219.1
Project("{FAE04EC0-301F-11D3-BF4B-00C04F79EFBC}") = "QueTalMiAFPAPI", "QueTalMiAFPAPI\QueTalMiAFPAPI.csproj", "{66960E00-9B40-4486-B0EF-AA91F45232D0}"
EndProject
Global
	GlobalSection(SolutionConfigurationPlatforms) = preSolution
		Debug|Any CPU = Debug|Any CPU
		Release|Any CPU = Release|Any CPU
	EndGlobalSection
	GlobalSection(ProjectConfigurationPlatforms) = postSolution
		{66960E00-9B40-4486-B0EF-AA91F45232D0}.Debug|Any CPU.ActiveCfg = Debug|Any CPU
		{66960E00-9B40-4486-B0EF-AA91F45232D0}.Debug|Any CPU.Build.0 = Debug|Any CPU
		{66960E00-9B40-4486-B0EF-AA91F45232D0}.Release|Any CPU.ActiveCfg = Release|Any CPU
		{66960E00-9B40-4486-B0EF-AA91F45232D0}.Release|Any CPU.Build.0 = Release|Any CPU
	EndGlobalSection
	GlobalSection(SolutionProperties) = preSolution
		HideSolutionNode = FALSE
	EndGlobalSection
	GlobalSection(ExtensibilityGlobals) = postSolution
		SolutionGuid = {0857DAA5-A8C4-4ED8-99BD-725A052A4343}
	EndGlobalSection
EndGlobal
